// !$*UTF8*$!
{
	archiveVersion = 1;
	classes = {
	};
	objectVersion = 77;
	objects = {

/* Begin PBXContainerItemProxy section */
		C89E92D82DF8AB910097ED14 /* PBXContainerItemProxy */ = {
			isa = PBXContainerItemProxy;
			containerPortal = C89E92B92DF8AB8F0097ED14 /* Project object */;
			proxyType = 1;
			remoteGlobalIDString = C89E92C02DF8AB8F0097ED14;
			remoteInfo = JeetJayakarTask;
		};
		C89E92E22DF8AB910097ED14 /* PBXContainerItemProxy */ = {
			isa = PBXContainerItemProxy;
			containerPortal = C89E92B92DF8AB8F0097ED14 /* Project object */;
			proxyType = 1;
			remoteGlobalIDString = C89E92C02DF8AB8F0097ED14;
			remoteInfo = JeetJayakarTask;
		};
/* End PBXContainerItemProxy section */

/* Begin PBXFileReference section */
		C89E92C12DF8AB8F0097ED14 /* JeetJayakarTask.app */ = {isa = PBXFileReference; explicitFileType = wrapper.application; includeInIndex = 0; path = JeetJayakarTask.app; sourceTree = BUILT_PRODUCTS_DIR; };
		C89E92D72DF8AB910097ED14 /* JeetJayakarTaskTests.xctest */ = {isa = PBXFileReference; explicitFileType = wrapper.cfbundle; includeInIndex = 0; path = JeetJayakarTaskTests.xctest; sourceTree = BUILT_PRODUCTS_DIR; };
		C89E92E12DF8AB910097ED14 /* JeetJayakarTaskUITests.xctest */ = {isa = PBXFileReference; explicitFileType = wrapper.cfbundle; includeInIndex = 0; path = JeetJayakarTaskUITests.xctest; sourceTree = BUILT_PRODUCTS_DIR; };
/* End PBXFileReference section */

/* Begin PBXFileSystemSynchronizedBuildFileExceptionSet section */
		C89E92E92DF8AB910097ED14 /* Exceptions for "JeetJayakarTask" folder in "JeetJayakarTask" target */ = {
			isa = PBXFileSystemSynchronizedBuildFileExceptionSet;
			membershipExceptions = (
				Info.plist,
			);
			target = C89E92C02DF8AB8F0097ED14 /* JeetJayakarTask */;
		};
/* End PBXFileSystemSynchronizedBuildFileExceptionSet section */

/* Begin PBXFileSystemSynchronizedRootGroup section */
		C89E92C32DF8AB8F0097ED14 /* JeetJayakarTask */ = {
			isa = PBXFileSystemSynchronizedRootGroup;
			exceptions = (
				C89E92E92DF8AB910097ED14 /* Exceptions for "JeetJayakarTask" folder in "JeetJayakarTask" target */,
			);
			path = JeetJayakarTask;
			sourceTree = "<group>";
		};
		C89E92DA2DF8AB910097ED14 /* JeetJayakarTaskTests */ = {
			isa = PBXFileSystemSynchronizedRootGroup;
			path = JeetJayakarTaskTests;
			sourceTree = "<group>";
		};
		C89E92E42DF8AB910097ED14 /* JeetJayakarTaskUITests */ = {
			isa = PBXFileSystemSynchronizedRootGroup;
			path = JeetJayakarTaskUITests;
			sourceTree = "<group>";
		};
/* End PBXFileSystemSynchronizedRootGroup section */

/* Begin PBXFrameworksBuildPhase section */
		C89E92BE2DF8AB8F0097ED14 /* Frameworks */ = {
			isa = PBXFrameworksBuildPhase;
			buildActionMask = 2147483647;
			files = (
			);
			runOnlyForDeploymentPostprocessing = 0;
		};
		C89E92D42DF8AB910097ED14 /* Frameworks */ = {
			isa = PBXFrameworksBuildPhase;
			buildActionMask = 2147483647;
			files = (
			);
			runOnlyForDeploymentPostprocessing = 0;
		};
		C89E92DE2DF8AB910097ED14 /* Frameworks */ = {
			isa = PBXFrameworksBuildPhase;
			buildActionMask = 2147483647;
			files = (
			);
			runOnlyForDeploymentPostprocessing = 0;
		};
/* End PBXFrameworksBuildPhase section */

/* Begin PBXGroup section */
		C89E92B82DF8AB8F0097ED14 = {
			isa = PBXGroup;
			children = (
				C89E92C32DF8AB8F0097ED14 /* JeetJayakarTask */,
				C89E92DA2DF8AB910097ED14 /* JeetJayakarTaskTests */,
				C89E92E42DF8AB910097ED14 /* JeetJayakarTaskUITests */,
				C89E92C22DF8AB8F0097ED14 /* Products */,
			);
			sourceTree = "<group>";
		};
		C89E92C22DF8AB8F0097ED14 /* Products */ = {
			isa = PBXGroup;
			children = (
				C89E92C12DF8AB8F0097ED14 /* JeetJayakarTask.app */,
				C89E92D72DF8AB910097ED14 /* JeetJayakarTaskTests.xctest */,
				C89E92E12DF8AB910097ED14 /* JeetJayakarTaskUITests.xctest */,
			);
			name = Products;
			sourceTree = "<group>";
		};
/* End PBXGroup section */

/* Begin PBXNativeTarget section */
		C89E92C02DF8AB8F0097ED14 /* JeetJayakarTask */ = {
			isa = PBXNativeTarget;
			buildConfigurationList = C89E92EA2DF8AB910097ED14 /* Build configuration list for PBXNativeTarget "JeetJayakarTask" */;
			buildPhases = (
				C89E92BD2DF8AB8F0097ED14 /* Sources */,
				C89E92BE2DF8AB8F0097ED14 /* Frameworks */,
				C89E92BF2DF8AB8F0097ED14 /* Resources */,
			);
			buildRules = (
			);
			dependencies = (
			);
			fileSystemSynchronizedGroups = (
				C89E92C32DF8AB8F0097ED14 /* JeetJayakarTask */,
			);
			name = JeetJayakarTask;
			packageProductDependencies = (
			);
			productName = JeetJayakarTask;
			productReference = C89E92C12DF8AB8F0097ED14 /* JeetJayakarTask.app */;
			productType = "com.apple.product-type.application";
		};
		C89E92D62DF8AB910097ED14 /* JeetJayakarTaskTests */ = {
			isa = PBXNativeTarget;
			buildConfigurationList = C89E92EF2DF8AB910097ED14 /* Build configuration list for PBXNativeTarget "JeetJayakarTaskTests" */;
			buildPhases = (
				C89E92D32DF8AB910097ED14 /* Sources */,
				C89E92D42DF8AB910097ED14 /* Frameworks */,
				C89E92D52DF8AB910097ED14 /* Resources */,
			);
			buildRules = (
			);
			dependencies = (
				C89E92D92DF8AB910097ED14 /* PBXTargetDependency */,
			);
			fileSystemSynchronizedGroups = (
				C89E92DA2DF8AB910097ED14 /* JeetJayakarTaskTests */,
			);
			name = JeetJayakarTaskTests;
			packageProductDependencies = (
			);
			productName = JeetJayakarTaskTests;
			productReference = C89E92D72DF8AB910097ED14 /* JeetJayakarTaskTests.xctest */;
			productType = "com.apple.product-type.bundle.unit-test";
		};
		C89E92E02DF8AB910097ED14 /* JeetJayakarTaskUITests */ = {
			isa = PBXNativeTarget;
			buildConfigurationList = C89E92F22DF8AB910097ED14 /* Build configuration list for PBXNativeTarget "JeetJayakarTaskUITests" */;
			buildPhases = (
				C89E92DD2DF8AB910097ED14 /* Sources */,
				C89E92DE2DF8AB910097ED14 /* Frameworks */,
				C89E92DF2DF8AB910097ED14 /* Resources */,
			);
			buildRules = (
			);
			dependencies = (
				C89E92E32DF8AB910097ED14 /* PBXTargetDependency */,
			);
			fileSystemSynchronizedGroups = (
				C89E92E42DF8AB910097ED14 /* JeetJayakarTaskUITests */,
			);
			name = JeetJayakarTaskUITests;
			packageProductDependencies = (
			);
			productName = JeetJayakarTaskUITests;
			productReference = C89E92E12DF8AB910097ED14 /* JeetJayakarTaskUITests.xctest */;
			productType = "com.apple.product-type.bundle.ui-testing";
		};
/* End PBXNativeTarget section */

/* Begin PBXProject section */
		C89E92B92DF8AB8F0097ED14 /* Project object */ = {
			isa = PBXProject;
			attributes = {
				BuildIndependentTargetsInParallel = 1;
				LastSwiftUpdateCheck = 1610;
				LastUpgradeCheck = 1610;
				TargetAttributes = {
					C89E92C02DF8AB8F0097ED14 = {
						CreatedOnToolsVersion = 16.1;
					};
					C89E92D62DF8AB910097ED14 = {
						CreatedOnToolsVersion = 16.1;
						TestTargetID = C89E92C02DF8AB8F0097ED14;
					};
					C89E92E02DF8AB910097ED14 = {
						CreatedOnToolsVersion = 16.1;
						TestTargetID = C89E92C02DF8AB8F0097ED14;
					};
				};
			};
			buildConfigurationList = C89E92BC2DF8AB8F0097ED14 /* Build configuration list for PBXProject "JeetJayakarTask" */;
			developmentRegion = en;
			hasScannedForEncodings = 0;
			knownRegions = (
				en,
				Base,
			);
			mainGroup = C89E92B82DF8AB8F0097ED14;
			minimizedProjectReferenceProxies = 1;
			preferredProjectObjectVersion = 77;
			productRefGroup = C89E92C22DF8AB8F0097ED14 /* Products */;
			projectDirPath = "";
			projectRoot = "";
			targets = (
				C89E92C02DF8AB8F0097ED14 /* JeetJayakarTask */,
				C89E92D62DF8AB910097ED14 /* JeetJayakarTaskTests */,
				C89E92E02DF8AB910097ED14 /* JeetJayakarTaskUITests */,
			);
		};
/* End PBXProject section */

/* Begin PBXResourcesBuildPhase section */
		C89E92BF2DF8AB8F0097ED14 /* Resources */ = {
			isa = PBXResourcesBuildPhase;
			buildActionMask = 2147483647;
			files = (
			);
			runOnlyForDeploymentPostprocessing = 0;
		};
		C89E92D52DF8AB910097ED14 /* Resources */ = {
			isa = PBXResourcesBuildPhase;
			buildActionMask = 2147483647;
			files = (
			);
			runOnlyForDeploymentPostprocessing = 0;
		};
		C89E92DF2DF8AB910097ED14 /* Resources */ = {
			isa = PBXResourcesBuildPhase;
			buildActionMask = 2147483647;
			files = (
			);
			runOnlyForDeploymentPostprocessing = 0;
		};
/* End PBXResourcesBuildPhase section */

/* Begin PBXSourcesBuildPhase section */
		C89E92BD2DF8AB8F0097ED14 /* Sources */ = {
			isa = PBXSourcesBuildPhase;
			buildActionMask = 2147483647;
			files = (
			);
			runOnlyForDeploymentPostprocessing = 0;
		};
		C89E92D32DF8AB910097ED14 /* Sources */ = {
			isa = PBXSourcesBuildPhase;
			buildActionMask = 2147483647;
			files = (
			);
			runOnlyForDeploymentPostprocessing = 0;
		};
		C89E92DD2DF8AB910097ED14 /* Sources */ = {
			isa = PBXSourcesBuildPhase;
			buildActionMask = 2147483647;
			files = (
			);
			runOnlyForDeploymentPostprocessing = 0;
		};
/* End PBXSourcesBuildPhase section */

/* Begin PBXTargetDependency section */
		C89E92D92DF8AB910097ED14 /* PBXTargetDependency */ = {
			isa = PBXTargetDependency;
			target = C89E92C02DF8AB8F0097ED14 /* JeetJayakarTask */;
			targetProxy = C89E92D82DF8AB910097ED14 /* PBXContainerItemProxy */;
		};
		C89E92E32DF8AB910097ED14 /* PBXTargetDependency */ = {
			isa = PBXTargetDependency;
			target = C89E92C02DF8AB8F0097ED14 /* JeetJayakarTask */;
			targetProxy = C89E92E22DF8AB910097ED14 /* PBXContainerItemProxy */;
		};
/* End PBXTargetDependency section */

/* Begin XCBuildConfiguration section */
		C89E92EB2DF8AB910097ED14 /* Debug */ = {
			isa = XCBuildConfiguration;
			buildSettings = {
				ASSETCATALOG_COMPILER_APPICON_NAME = AppIcon;
				ASSETCATALOG_COMPILER_GLOBAL_ACCENT_COLOR_NAME = AccentColor;
				CODE_SIGN_STYLE = Automatic;
				CURRENT_PROJECT_VERSION = 1;
				GENERATE_INFOPLIST_FILE = YES;
				INFOPLIST_FILE = JeetJayakarTask/Info.plist;
				INFOPLIST_KEY_UIApplicationSupportsIndirectInputEvents = YES;
				INFOPLIST_KEY_UILaunchStoryboardName = LaunchScreen;
				INFOPLIST_KEY_UIMainStoryboardFile = Main;
				INFOPLIST_KEY_UISupportedInterfaceOrientations_iPad = "UIInterfaceOrientationPortrait UIInterfaceOrientationPortraitUpsideDown UIInterfaceOrientationLandscapeLeft UIInterfaceOrientationLandscapeRight";
				INFOPLIST_KEY_UISupportedInterfaceOrientations_iPhone = "UIInterfaceOrientationPortrait UIInterfaceOrientationLandscapeLeft UIInterfaceOrientationLandscapeRight";
				LD_RUNPATH_SEARCH_PATHS = (
					"$(inherited)",
					"@executable_path/Frameworks",
				);
				MARKETING_VERSION = 1.0;
				PRODUCT_BUNDLE_IDENTIFIER = com.Jeet.JeetJayakarTask;
				PRODUCT_NAME = "$(TARGET_NAME)";
				SWIFT_EMIT_LOC_STRINGS = YES;
				SWIFT_VERSION = 5.0;
				TARGETED_DEVICE_FAMILY = "1,2";
			};
			name = Debug;
		};
		C89E92EC2DF8AB910097ED14 /* Release */ = {
			isa = XCBuildConfiguration;
			buildSettings = {
				ASSETCATALOG_COMPILER_APPICON_NAME = AppIcon;
				ASSETCATALOG_COMPILER_GLOBAL_ACCENT_COLOR_NAME = AccentColor;
				CODE_SIGN_STYLE = Automatic;
				CURRENT_PROJECT_VERSION = 1;
				GENERATE_INFOPLIST_FILE = YES;
				INFOPLIST_FILE = JeetJayakarTask/Info.plist;
				INFOPLIST_KEY_UIApplicationSupportsIndirectInputEvents = YES;
				INFOPLIST_KEY_UILaunchStoryboardName = LaunchScreen;
				INFOPLIST_KEY_UIMainStoryboardFile = Main;
				INFOPLIST_KEY_UISupportedInterfaceOrientations_iPad = "UIInterfaceOrientationPortrait UIInterfaceOrientationPortraitUpsideDown UIInterfaceOrientationLandscapeLeft UIInterfaceOrientationLandscapeRight";
				INFOPLIST_KEY_UISupportedInterfaceOrientations_iPhone = "UIInterfaceOrientationPortrait UIInterfaceOrientationLandscapeLeft UIInterfaceOrientationLandscapeRight";
				LD_RUNPATH_SEARCH_PATHS = (
					"$(inherited)",
					"@executable_path/Frameworks",
				);
				MARKETING_VERSION = 1.0;
				PRODUCT_BUNDLE_IDENTIFIER = com.Jeet.JeetJayakarTask;
				PRODUCT_NAME = "$(TARGET_NAME)";
				SWIFT_EMIT_LOC_STRINGS = YES;
				SWIFT_VERSION = 5.0;
				TARGETED_DEVICE_FAMILY = "1,2";
			};
			name = Release;
		};
		C89E92ED2DF8AB910097ED14 /* Debug */ = {
			isa = XCBuildConfiguration;
			buildSettings = {
				ALWAYS_SEARCH_USER_PATHS = NO;
				ASSETCATALOG_COMPILER_GENERATE_SWIFT_ASSET_SYMBOL_EXTENSIONS = YES;
				CLANG_ANALYZER_NONNULL = YES;
				CLANG_ANALYZER_NUMBER_OBJECT_CONVERSION = YES_AGGRESSIVE;
				CLANG_CXX_LANGUAGE_STANDARD = "gnu++20";
				CLANG_ENABLE_MODULES = YES;
				CLANG_ENABLE_OBJC_ARC = YES;
				CLANG_ENABLE_OBJC_WEAK = YES;
				CLANG_WARN_BLOCK_CAPTURE_AUTORELEASING = YES;
				CLANG_WARN_BOOL_CONVERSION = YES;
				CLANG_WARN_COMMA = YES;
				CLANG_WARN_CONSTANT_CONVERSION = YES;
				CLANG_WARN_DEPRECATED_OBJC_IMPLEMENTATIONS = YES;
				CLANG_WARN_DIRECT_OBJC_ISA_USAGE = YES_ERROR;
				CLANG_WARN_DOCUMENTATION_COMMENTS = YES;
				CLANG_WARN_EMPTY_BODY = YES;
				CLANG_WARN_ENUM_CONVERSION = YES;
				CLANG_WARN_INFINITE_RECURSION = YES;
				CLANG_WARN_INT_CONVERSION = YES;
				CLANG_WARN_NON_LITERAL_NULL_CONVERSION = YES;
				CLANG_WARN_OBJC_IMPLICIT_RETAIN_SELF = YES;
				CLANG_WARN_OBJC_LITERAL_CONVERSION = YES;
				CLANG_WARN_OBJC_ROOT_CLASS = YES_ERROR;
				CLANG_WARN_QUOTED_INCLUDE_IN_FRAMEWORK_HEADER = YES;
				CLANG_WARN_RANGE_LOOP_ANALYSIS = YES;
				CLANG_WARN_STRICT_PROTOTYPES = YES;
				CLANG_WARN_SUSPICIOUS_MOVE = YES;
				CLANG_WARN_UNGUARDED_AVAILABILITY = YES_AGGRESSIVE;
				CLANG_WARN_UNREACHABLE_CODE = YES;
				CLANG_WARN__DUPLICATE_METHOD_MATCH = YES;
				COPY_PHASE_STRIP = NO;
				DEBUG_INFORMATION_FORMAT = dwarf;
				ENABLE_STRICT_OBJC_MSGSEND = YES;
				ENABLE_TESTABILITY = YES;
				ENABLE_USER_SCRIPT_SANDBOXING = YES;
				GCC_C_LANGUAGE_STANDARD = gnu17;
				GCC_DYNAMIC_NO_PIC = NO;
				GCC_NO_COMMON_BLOCKS = YES;
				GCC_OPTIMIZATION_LEVEL = 0;
				GCC_PREPROCESSOR_DEFINITIONS = (
					"DEBUG=1",
					"$(inherited)",
				);
				GCC_WARN_64_TO_32_BIT_CONVERSION = YES;
				GCC_WARN_ABOUT_RETURN_TYPE = YES_ERROR;
				GCC_WARN_UNDECLARED_SELECTOR = YES;
				GCC_WARN_UNINITIALIZED_AUTOS = YES_AGGRESSIVE;
				GCC_WARN_UNUSED_FUNCTION = YES;
				GCC_WARN_UNUSED_VARIABLE = YES;
				IPHONEOS_DEPLOYMENT_TARGET = 18.1;
				LOCALIZATION_PREFERS_STRING_CATALOGS = YES;
				MTL_ENABLE_DEBUG_INFO = INCLUDE_SOURCE;
				MTL_FAST_MATH = YES;
				ONLY_ACTIVE_ARCH = YES;
				SDKROOT = iphoneos;
				SWIFT_ACTIVE_COMPILATION_CONDITIONS = "DEBUG $(inherited)";
				SWIFT_OPTIMIZATION_LEVEL = "-Onone";
			};
			name = Debug;
		};
		C89E92EE2DF8AB910097ED14 /* Release */ = {
			isa = XCBuildConfiguration;
			buildSettings = {
				ALWAYS_SEARCH_USER_PATHS = NO;
				ASSETCATALOG_COMPILER_GENERATE_SWIFT_ASSET_SYMBOL_EXTENSIONS = YES;
				CLANG_ANALYZER_NONNULL = YES;
				CLANG_ANALYZER_NUMBER_OBJECT_CONVERSION = YES_AGGRESSIVE;
				CLANG_CXX_LANGUAGE_STANDARD = "gnu++20";
				CLANG_ENABLE_MODULES = YES;
				CLANG_ENABLE_OBJC_ARC = YES;
				CLANG_ENABLE_OBJC_WEAK = YES;
				CLANG_WARN_BLOCK_CAPTURE_AUTORELEASING = YES;
				CLANG_WARN_BOOL_CONVERSION = YES;
				CLANG_WARN_COMMA = YES;
				CLANG_WARN_CONSTANT_CONVERSION = YES;
				CLANG_WARN_DEPRECATED_OBJC_IMPLEMENTATIONS = YES;
				CLANG_WARN_DIRECT_OBJC_ISA_USAGE = YES_ERROR;
				CLANG_WARN_DOCUMENTATION_COMMENTS = YES;
				CLANG_WARN_EMPTY_BODY = YES;
				CLANG_WARN_ENUM_CONVERSION = YES;
				CLANG_WARN_INFINITE_RECURSION = YES;
				CLANG_WARN_INT_CONVERSION = YES;
				CLANG_WARN_NON_LITERAL_NULL_CONVERSION = YES;
				CLANG_WARN_OBJC_IMPLICIT_RETAIN_SELF = YES;
				CLANG_WARN_OBJC_LITERAL_CONVERSION = YES;
				CLANG_WARN_OBJC_ROOT_CLASS = YES_ERROR;
				CLANG_WARN_QUOTED_INCLUDE_IN_FRAMEWORK_HEADER = YES;
				CLANG_WARN_RANGE_LOOP_ANALYSIS = YES;
				CLANG_WARN_STRICT_PROTOTYPES = YES;
				CLANG_WARN_SUSPICIOUS_MOVE = YES;
				CLANG_WARN_UNGUARDED_AVAILABILITY = YES_AGGRESSIVE;
				CLANG_WARN_UNREACHABLE_CODE = YES;
				CLANG_WARN__DUPLICATE_METHOD_MATCH = YES;
				COPY_PHASE_STRIP = NO;
				DEBUG_INFORMATION_FORMAT = "dwarf-with-dsym";
				ENABLE_NS_ASSERTIONS = NO;
				ENABLE_STRICT_OBJC_MSGSEND = YES;
				ENABLE_USER_SCRIPT_SANDBOXING = YES;
				GCC_C_LANGUAGE_STANDARD = gnu17;
				GCC_NO_COMMON_BLOCKS = YES;
				GCC_WARN_64_TO_32_BIT_CONVERSION = YES;
				GCC_WARN_ABOUT_RETURN_TYPE = YES_ERROR;
				GCC_WARN_UNDECLARED_SELECTOR = YES;
				GCC_WARN_UNINITIALIZED_AUTOS = YES_AGGRESSIVE;
				GCC_WARN_UNUSED_FUNCTION = YES;
				GCC_WARN_UNUSED_VARIABLE = YES;
				IPHONEOS_DEPLOYMENT_TARGET = 18.1;
				LOCALIZATION_PREFERS_STRING_CATALOGS = YES;
				MTL_ENABLE_DEBUG_INFO = NO;
				MTL_FAST_MATH = YES;
				SDKROOT = iphoneos;
				SWIFT_COMPILATION_MODE = wholemodule;
				VALIDATE_PRODUCT = YES;
			};
			name = Release;
		};
		C89E92F02DF8AB910097ED14 /* Debug */ = {
			isa = XCBuildConfiguration;
			buildSettings = {
				BUNDLE_LOADER = "$(TEST_HOST)";
				CODE_SIGN_STYLE = Automatic;
				CURRENT_PROJECT_VERSION = 1;
				GENERATE_INFOPLIST_FILE = YES;
				IPHONEOS_DEPLOYMENT_TARGET = 18.1;
				MARKETING_VERSION = 1.0;
				PRODUCT_BUNDLE_IDENTIFIER = com.Jeet.JeetJayakarTaskTests;
				PRODUCT_NAME = "$(TARGET_NAME)";
				SWIFT_EMIT_LOC_STRINGS = NO;
				SWIFT_VERSION = 5.0;
				TARGETED_DEVICE_FAMILY = "1,2";
				TEST_HOST = "$(BUILT_PRODUCTS_DIR)/JeetJayakarTask.app/$(BUNDLE_EXECUTABLE_FOLDER_PATH)/JeetJayakarTask";
			};
			name = Debug;
		};
		C89E92F12DF8AB910097ED14 /* Release */ = {
			isa = XCBuildConfiguration;
			buildSettings = {
				BUNDLE_LOADER = "$(TEST_HOST)";
				CODE_SIGN_STYLE = Automatic;
				CURRENT_PROJECT_VERSION = 1;
				GENERATE_INFOPLIST_FILE = YES;
				IPHONEOS_DEPLOYMENT_TARGET = 18.1;
				MARKETING_VERSION = 1.0;
				PRODUCT_BUNDLE_IDENTIFIER = com.Jeet.JeetJayakarTaskTests;
				PRODUCT_NAME = "$(TARGET_NAME)";
				SWIFT_EMIT_LOC_STRINGS = NO;
				SWIFT_VERSION = 5.0;
				TARGETED_DEVICE_FAMILY = "1,2";
				TEST_HOST = "$(BUILT_PRODUCTS_DIR)/JeetJayakarTask.app/$(BUNDLE_EXECUTABLE_FOLDER_PATH)/JeetJayakarTask";
			};
			name = Release;
		};
		C89E92F32DF8AB910097ED14 /* Debug */ = {
			isa = XCBuildConfiguration;
			buildSettings = {
				CODE_SIGN_STYLE = Automatic;
				CURRENT_PROJECT_VERSION = 1;
				GENERATE_INFOPLIST_FILE = YES;
				MARKETING_VERSION = 1.0;
				PRODUCT_BUNDLE_IDENTIFIER = com.Jeet.JeetJayakarTaskUITests;
				PRODUCT_NAME = "$(TARGET_NAME)";
				SWIFT_EMIT_LOC_STRINGS = NO;
				SWIFT_VERSION = 5.0;
				TARGETED_DEVICE_FAMILY = "1,2";
				TEST_TARGET_NAME = JeetJayakarTask;
			};
			name = Debug;
		};
		C89E92F42DF8AB910097ED14 /* Release */ = {
			isa = XCBuildConfiguration;
			buildSettings = {
				CODE_SIGN_STYLE = Automatic;
				CURRENT_PROJECT_VERSION = 1;
				GENERATE_INFOPLIST_FILE = YES;
				MARKETING_VERSION = 1.0;
				PRODUCT_BUNDLE_IDENTIFIER = com.Jeet.JeetJayakarTaskUITests;
				PRODUCT_NAME = "$(TARGET_NAME)";
				SWIFT_EMIT_LOC_STRINGS = NO;
				SWIFT_VERSION = 5.0;
				TARGETED_DEVICE_FAMILY = "1,2";
				TEST_TARGET_NAME = JeetJayakarTask;
			};
			name = Release;
		};
/* End XCBuildConfiguration section */

/* Begin XCConfigurationList section */
		C89E92BC2DF8AB8F0097ED14 /* Build configuration list for PBXProject "JeetJayakarTask" */ = {
			isa = XCConfigurationList;
			buildConfigurations = (
				C89E92ED2DF8AB910097ED14 /* Debug */,
				C89E92EE2DF8AB910097ED14 /* Release */,
			);
			defaultConfigurationIsVisible = 0;
			defaultConfigurationName = Release;
		};
		C89E92EA2DF8AB910097ED14 /* Build configuration list for PBXNativeTarget "JeetJayakarTask" */ = {
			isa = XCConfigurationList;
			buildConfigurations = (
				C89E92EB2DF8AB910097ED14 /* Debug */,
				C89E92EC2DF8AB910097ED14 /* Release */,
			);
			defaultConfigurationIsVisible = 0;
			defaultConfigurationName = Release;
		};
		C89E92EF2DF8AB910097ED14 /* Build configuration list for PBXNativeTarget "JeetJayakarTaskTests" */ = {
			isa = XCConfigurationList;
			buildConfigurations = (
				C89E92F02DF8AB910097ED14 /* Debug */,
				C89E92F12DF8AB910097ED14 /* Release */,
			);
			defaultConfigurationIsVisible = 0;
			defaultConfigurationName = Release;
		};
		C89E92F22DF8AB910097ED14 /* Build configuration list for PBXNativeTarget "JeetJayakarTaskUITests" */ = {
			isa = XCConfigurationList;
			buildConfigurations = (
				C89E92F32DF8AB910097ED14 /* Debug */,
				C89E92F42DF8AB910097ED14 /* Release */,
			);
			defaultConfigurationIsVisible = 0;
			defaultConfigurationName = Release;
		};
/* End XCConfigurationList section */
	};
	rootObject = C89E92B92DF8AB8F0097ED14 /* Project object */;
}
